
Microsoft Visual Studio Solution File, Format Version 11.00
# Visual Studio 2010
Project("{FAE04EC0-301F-11D3-BF4B-00C04F79EFBC}") = "WorldGenerator", "WorldGenerator\WorldGenerator\WorldGenerator.csproj", "{1C495B4D-556B-4B97-B4F5-5A817F5C084D}"
EndProject
Project("{96E2B04D-8817-42C6-938A-82C39BA4D311}") = "WorldGeneratorContent", "WorldGenerator\WorldGeneratorContent\WorldGeneratorContent.contentproj", "{4F065023-9C66-4B2A-AA3E-B41067EF6C14}"
EndProject
Global
	GlobalSection(SolutionConfigurationPlatforms) = preSolution
		Debug|x86 = Debug|x86
		Release|x86 = Release|x86
	EndGlobalSection
	GlobalSection(ProjectConfigurationPlatforms) = postSolution
		{1C495B4D-556B-4B97-B4F5-5A817F5C084D}.Debug|x86.ActiveCfg = Debug|x86
		{1C495B4D-556B-4B97-B4F5-5A817F5C084D}.Debug|x86.Build.0 = Debug|x86
		{1C495B4D-556B-4B97-B4F5-5A817F5C084D}.Release|x86.ActiveCfg = Release|x86
		{1C495B4D-556B-4B97-B4F5-5A817F5C084D}.Release|x86.Build.0 = Release|x86
		{4F065023-9C66-4B2A-AA3E-B41067EF6C14}.Debug|x86.ActiveCfg = Debug|x86
		{4F065023-9C66-4B2A-AA3E-B41067EF6C14}.Release|x86.ActiveCfg = Release|x86
	EndGlobalSection
	GlobalSection(SolutionProperties) = preSolution
		HideSolutionNode = FALSE
	EndGlobalSection
EndGlobal
